
Microsoft Visual Studio Solution File, Format Version 11.00
# Visual Studio 2010
Project("{FAE04EC0-301F-11D3-BF4B-00C04F79EFBC}") = "Assembly-CSharp", "Assembly-CSharp.csproj", "{e7f09f41-506f-2f42-a312-7ba7f2ab4082}"
EndProject
Project("{FAE04EC0-301F-11D3-BF4B-00C04F79EFBC}") = "Assembly-CSharp-Editor", "Assembly-CSharp-Editor.csproj", "{cc7b65b7-b081-5c24-b115-b66db9f24ea1}"
EndProject
Global
	GlobalSection(SolutionConfigurationPlatforms) = preSolution
		Debug|Any CPU = Debug|Any CPU
	EndGlobalSection
	GlobalSection(ProjectConfigurationPlatforms) = postSolution
		{e7f09f41-506f-2f42-a312-7ba7f2ab4082}.Debug|Any CPU.ActiveCfg = Debug|Any CPU
		{e7f09f41-506f-2f42-a312-7ba7f2ab4082}.Debug|Any CPU.Build.0 = Debug|Any CPU
		{cc7b65b7-b081-5c24-b115-b66db9f24ea1}.Debug|Any CPU.ActiveCfg = Debug|Any CPU
		{cc7b65b7-b081-5c24-b115-b66db9f24ea1}.Debug|Any CPU.Build.0 = Debug|Any CPU
	EndGlobalSection
	GlobalSection(SolutionProperties) = preSolution
		HideSolutionNode = FALSE
	EndGlobalSection
EndGlobal
